{
  "requires": true,
  "lockfileVersion": 1,
  "dependencies": {
    "@types/node": {
      "version": "14.14.21",
      "resolved": "https://registry.npmjs.org/@types/node/-/node-14.14.21.tgz",
      "integrity": "sha512-cHYfKsnwllYhjOzuC5q1VpguABBeecUp24yFluHpn/BQaVxB1CuQ1FSRZCzrPxrkIfWISXV2LbeoBthLWg0+0A=="
    },
    "drawille": {
      "version": "1.1.1",
      "resolved": "https://registry.npmjs.org/drawille/-/drawille-1.1.1.tgz",
      "integrity": "sha512-4w8K9vgWxvLS4BqRD6NQW4eB7BHqvFDH8vnY9cU6OufO4O5mBAzv7WjJFZoRKE2zD2F+p27RAho9KoaGWIm5Ww=="
    }
  }
}
